
Microsoft Visual Studio Solution File, Format Version 11.00
# Visual Studio 2010
Project("{FAE04EC0-301F-11D3-BF4B-00C04F79EFBC}") = "TestProgram", "TestProgram\TestProgram.csproj", "{1514B605-3508-4C87-AA08-984C0F444CAB}"
EndProject
Project("{FAE04EC0-301F-11D3-BF4B-00C04F79EFBC}") = "TestEmulator", "TestEmulator\TestEmulator.csproj", "{B0352A24-A8FA-45B4-8364-7B9B0046F717}"
EndProject
Global
	GlobalSection(SolutionConfigurationPlatforms) = preSolution
		Debug|Any CPU = Debug|Any CPU
		Release|Any CPU = Release|Any CPU
	EndGlobalSection
	GlobalSection(ProjectConfigurationPlatforms) = postSolution
		{1514B605-3508-4C87-AA08-984C0F444CAB}.Debug|Any CPU.ActiveCfg = Debug|Any CPU
		{1514B605-3508-4C87-AA08-984C0F444CAB}.Debug|Any CPU.Build.0 = Debug|Any CPU
		{1514B605-3508-4C87-AA08-984C0F444CAB}.Debug|Any CPU.Deploy.0 = Debug|Any CPU
		{1514B605-3508-4C87-AA08-984C0F444CAB}.Release|Any CPU.ActiveCfg = Release|Any CPU
		{1514B605-3508-4C87-AA08-984C0F444CAB}.Release|Any CPU.Build.0 = Release|Any CPU
		{1514B605-3508-4C87-AA08-984C0F444CAB}.Release|Any CPU.Deploy.0 = Release|Any CPU
		{B0352A24-A8FA-45B4-8364-7B9B0046F717}.Debug|Any CPU.ActiveCfg = Debug|Any CPU
		{B0352A24-A8FA-45B4-8364-7B9B0046F717}.Debug|Any CPU.Build.0 = Debug|Any CPU
		{B0352A24-A8FA-45B4-8364-7B9B0046F717}.Release|Any CPU.ActiveCfg = Release|Any CPU
		{B0352A24-A8FA-45B4-8364-7B9B0046F717}.Release|Any CPU.Build.0 = Release|Any CPU
	EndGlobalSection
	GlobalSection(SolutionProperties) = preSolution
		HideSolutionNode = FALSE
	EndGlobalSection
EndGlobal
